aahframework.org/test.v0 v0.0.0-20170303192812-d14ae1dc852d h1:xrk269ZdyicxrmDDwLkjpWxzBeApYPKmGlAXtXylB0k=
aahframework.org/test.v0 v0.0.0-20170303192812-d14ae1dc852d/go.mod h1:Dc0WOMD7SnuzGgAI29bLYayM5XoDr+Iha/jfObqPwhA=
bou.ke/monkey v1.0.2 h1:kWcnsrCNUatbxncxR/ThdYqbytgOIArtYWqcQLQzKLI=
bou.ke/monkey v1.0.2/go.mod h1:OqickVX3tNx6t33n1xvtTtu85YN5s6cKwVug+oHMaIA=
